
Microsoft Visual Studio Solution File, Format Version 12.00
# Visual Studio 15
VisualStudioVersion = 15.0.28307.106
MinimumVisualStudioVersion = 10.0.40219.1
Project("{9A19103F-16F7-4668-BE54-9A1E7A4F7556}") = "DynamoCode.Domain", "src\Domain\DynamoCode.Domain\DynamoCode.Domain.csproj", "{7E5CD199-57E8-41D6-B973-B89D93C58F71}"
EndProject
Project("{FAE04EC0-301F-11D3-BF4B-00C04F79EFBC}") = "DynamoCode.Application", "src\Application\DynamoCode.Application\DynamoCode.Application.csproj", "{989776E2-9563-4323-859A-CEC676834948}"
EndProject
Project("{2150E333-8FDC-42A3-9474-1A3956D46DE8}") = "Domain", "Domain", "{E2B774A4-04C9-4486-A46F-A3D02362E3C8}"
EndProject
Project("{2150E333-8FDC-42A3-9474-1A3956D46DE8}") = "Application", "Application", "{112AA09F-7882-4F8E-8C50-DBE523E857AC}"
EndProject
Project("{FAE04EC0-301F-11D3-BF4B-00C04F79EFBC}") = "DynamoCode.Infrastructure.Caching.MemoryCache", "src\Infrastructure\DynamoCode.Infrastructure.Caching.MemoryCache\DynamoCode.Infrastructure.Caching.MemoryCache.csproj", "{7D17AE18-DDCA-4DB7-9CF3-32B004578244}"
EndProject
Project("{2150E333-8FDC-42A3-9474-1A3956D46DE8}") = "Infrastructure", "Infrastructure", "{A7851810-7D73-11EA-B6DD-6135C0D18347}"
EndProject
Project("{FAE04EC0-301F-11D3-BF4B-00C04F79EFBC}") = "DynamoCode.Infrastructure.Data.EntityFramework", "src\Infrastructure\DynamoCode.Infrastructure.Data.EntityFramework\DynamoCode.Infrastructure.Data.EntityFramework.csproj", "{B51647CA-BEF9-48E2-ACF9-E4A030933640}"
EndProject
Project("{FAE04EC0-301F-11D3-BF4B-00C04F79EFBC}") = "DynamoCode.Infrastructure.Logging.Microsoft", "src\Infrastructure\DynamoCode.Infrastructure.Logging.Microsoft\DynamoCode.Infrastructure.Logging.Microsoft.csproj", "{CBE7955F-E475-4C22-9959-BB4CB80040FD}"
EndProject
Global
	GlobalSection(SolutionConfigurationPlatforms) = preSolution
		Debug|Any CPU = Debug|Any CPU
		Release|Any CPU = Release|Any CPU
	EndGlobalSection
	GlobalSection(ProjectConfigurationPlatforms) = postSolution
		{7E5CD199-57E8-41D6-B973-B89D93C58F71}.Debug|Any CPU.ActiveCfg = Debug|Any CPU
		{7E5CD199-57E8-41D6-B973-B89D93C58F71}.Debug|Any CPU.Build.0 = Debug|Any CPU
		{7E5CD199-57E8-41D6-B973-B89D93C58F71}.Release|Any CPU.ActiveCfg = Release|Any CPU
		{7E5CD199-57E8-41D6-B973-B89D93C58F71}.Release|Any CPU.Build.0 = Release|Any CPU
		{989776E2-9563-4323-859A-CEC676834948}.Debug|Any CPU.ActiveCfg = Debug|Any CPU
		{989776E2-9563-4323-859A-CEC676834948}.Debug|Any CPU.Build.0 = Debug|Any CPU
		{989776E2-9563-4323-859A-CEC676834948}.Release|Any CPU.ActiveCfg = Release|Any CPU
		{989776E2-9563-4323-859A-CEC676834948}.Release|Any CPU.Build.0 = Release|Any CPU
		{7D17AE18-DDCA-4DB7-9CF3-32B004578244}.Debug|Any CPU.ActiveCfg = Debug|Any CPU
		{7D17AE18-DDCA-4DB7-9CF3-32B004578244}.Debug|Any CPU.Build.0 = Debug|Any CPU
		{7D17AE18-DDCA-4DB7-9CF3-32B004578244}.Release|Any CPU.ActiveCfg = Release|Any CPU
		{7D17AE18-DDCA-4DB7-9CF3-32B004578244}.Release|Any CPU.Build.0 = Release|Any CPU
		{B51647CA-BEF9-48E2-ACF9-E4A030933640}.Debug|Any CPU.ActiveCfg = Debug|Any CPU
		{B51647CA-BEF9-48E2-ACF9-E4A030933640}.Debug|Any CPU.Build.0 = Debug|Any CPU
		{B51647CA-BEF9-48E2-ACF9-E4A030933640}.Release|Any CPU.ActiveCfg = Release|Any CPU
		{B51647CA-BEF9-48E2-ACF9-E4A030933640}.Release|Any CPU.Build.0 = Release|Any CPU
		{CBE7955F-E475-4C22-9959-BB4CB80040FD}.Debug|Any CPU.ActiveCfg = Debug|Any CPU
		{CBE7955F-E475-4C22-9959-BB4CB80040FD}.Debug|Any CPU.Build.0 = Debug|Any CPU
		{CBE7955F-E475-4C22-9959-BB4CB80040FD}.Release|Any CPU.ActiveCfg = Release|Any CPU
		{CBE7955F-E475-4C22-9959-BB4CB80040FD}.Release|Any CPU.Build.0 = Release|Any CPU
	EndGlobalSection
	GlobalSection(SolutionProperties) = preSolution
		HideSolutionNode = FALSE
	EndGlobalSection
	GlobalSection(NestedProjects) = preSolution
		{7E5CD199-57E8-41D6-B973-B89D93C58F71} = {E2B774A4-04C9-4486-A46F-A3D02362E3C8}
		{989776E2-9563-4323-859A-CEC676834948} = {112AA09F-7882-4F8E-8C50-DBE523E857AC}
		{7D17AE18-DDCA-4DB7-9CF3-32B004578244} = {A7851810-7D73-11EA-B6DD-6135C0D18347}
		{B51647CA-BEF9-48E2-ACF9-E4A030933640} = {A7851810-7D73-11EA-B6DD-6135C0D18347}
		{CBE7955F-E475-4C22-9959-BB4CB80040FD} = {A7851810-7D73-11EA-B6DD-6135C0D18347}
	EndGlobalSection
	GlobalSection(ExtensibilityGlobals) = postSolution
		SolutionGuid = {9FD4039F-C947-4DB7-B5CA-F29B63BDE384}
	EndGlobalSection
EndGlobal
