
Microsoft Visual Studio Solution File, Format Version 12.00
# Visual Studio 15
VisualStudioVersion = 15.0.28307.106
MinimumVisualStudioVersion = 10.0.40219.1
Project("{2150E333-8FDC-42A3-9474-1A3956D46DE8}") = "src", "src", "{4F47CEC2-F849-4DD3-AD3F-706E96461B3B}"
EndProject
Project("{2150E333-8FDC-42A3-9474-1A3956D46DE8}") = "Identity", "Identity", "{3352B1B4-A73C-47F9-977B-8316C10B37C1}"
EndProject
Project("{FAE04EC0-301F-11D3-BF4B-00C04F79EFBC}") = "DynamoCode.AspNetCore.Identity", "src\Identity\DynamoCode.AspNetCore.Identity\DynamoCode.AspNetCore.Identity.csproj", "{E0EF83CC-C59D-4466-A4A7-E08250A92DC2}"
EndProject
Project("{FAE04EC0-301F-11D3-BF4B-00C04F79EFBC}") = "DynamoCode.AspNetCore.NHibernateIdentity", "src\Identity\DynamoCode.AspNetCore.NHibernateIdentity\DynamoCode.AspNetCore.NHibernateIdentity.csproj", "{C60A3159-69F6-4AA4-A5B3-3773FD575369}"
EndProject
Project("{FAE04EC0-301F-11D3-BF4B-00C04F79EFBC}") = "DynamoCode.Domain", "src\DynamoCode.Domain\DynamoCode.Domain.csproj", "{133AF628-B61E-4846-BD4C-8964CB98F163}"
EndProject
Project("{FAE04EC0-301F-11D3-BF4B-00C04F79EFBC}") = "DynamoCode.Infrastructure.Caching.MemoryCache", "src\DynamoCode.Infrastructure.Caching.MemoryCache\DynamoCode.Infrastructure.Caching.MemoryCache.csproj", "{3ABE5B3B-E2C3-4240-80B8-9E53D31398AA}"
EndProject
Project("{FAE04EC0-301F-11D3-BF4B-00C04F79EFBC}") = "DynamoCode.Infrastructure.Data.EntityFramework", "src\DynamoCode.Infrastructure.Data.EntityFramework\DynamoCode.Infrastructure.Data.EntityFramework.csproj", "{6B56AF7F-4618-425A-BD2C-50F2B23D7843}"
EndProject
Project("{FAE04EC0-301F-11D3-BF4B-00C04F79EFBC}") = "DynamoCode.Infrastructure.Data.NHibernate", "src\DynamoCode.Infrastructure.Data.NHibernate\DynamoCode.Infrastructure.Data.NHibernate.csproj", "{3C613233-A676-4A2A-916B-7B222CA4CD68}"
EndProject
Project("{2150E333-8FDC-42A3-9474-1A3956D46DE8}") = "Infrastructure", "Infrastructure", "{119880F0-854B-11EA-BE96-753F2D345ECD}"
EndProject
Project("{2150E333-8FDC-42A3-9474-1A3956D46DE8}") = "Domain", "Domain", "{323384E0-854B-11EA-BE96-753F2D345ECD}"
EndProject
Global
	GlobalSection(SolutionConfigurationPlatforms) = preSolution
		Debug|Any CPU = Debug|Any CPU
		Release|Any CPU = Release|Any CPU
	EndGlobalSection
	GlobalSection(ProjectConfigurationPlatforms) = postSolution
		{E0EF83CC-C59D-4466-A4A7-E08250A92DC2}.Debug|Any CPU.ActiveCfg = Debug|Any CPU
		{E0EF83CC-C59D-4466-A4A7-E08250A92DC2}.Debug|Any CPU.Build.0 = Debug|Any CPU
		{E0EF83CC-C59D-4466-A4A7-E08250A92DC2}.Release|Any CPU.ActiveCfg = Release|Any CPU
		{E0EF83CC-C59D-4466-A4A7-E08250A92DC2}.Release|Any CPU.Build.0 = Release|Any CPU
		{C60A3159-69F6-4AA4-A5B3-3773FD575369}.Debug|Any CPU.ActiveCfg = Debug|Any CPU
		{C60A3159-69F6-4AA4-A5B3-3773FD575369}.Debug|Any CPU.Build.0 = Debug|Any CPU
		{C60A3159-69F6-4AA4-A5B3-3773FD575369}.Release|Any CPU.ActiveCfg = Release|Any CPU
		{C60A3159-69F6-4AA4-A5B3-3773FD575369}.Release|Any CPU.Build.0 = Release|Any CPU
		{133AF628-B61E-4846-BD4C-8964CB98F163}.Debug|Any CPU.ActiveCfg = Debug|Any CPU
		{133AF628-B61E-4846-BD4C-8964CB98F163}.Debug|Any CPU.Build.0 = Debug|Any CPU
		{133AF628-B61E-4846-BD4C-8964CB98F163}.Release|Any CPU.ActiveCfg = Release|Any CPU
		{133AF628-B61E-4846-BD4C-8964CB98F163}.Release|Any CPU.Build.0 = Release|Any CPU
		{3ABE5B3B-E2C3-4240-80B8-9E53D31398AA}.Debug|Any CPU.ActiveCfg = Debug|Any CPU
		{3ABE5B3B-E2C3-4240-80B8-9E53D31398AA}.Debug|Any CPU.Build.0 = Debug|Any CPU
		{3ABE5B3B-E2C3-4240-80B8-9E53D31398AA}.Release|Any CPU.ActiveCfg = Release|Any CPU
		{3ABE5B3B-E2C3-4240-80B8-9E53D31398AA}.Release|Any CPU.Build.0 = Release|Any CPU
		{6B56AF7F-4618-425A-BD2C-50F2B23D7843}.Debug|Any CPU.ActiveCfg = Debug|Any CPU
		{6B56AF7F-4618-425A-BD2C-50F2B23D7843}.Debug|Any CPU.Build.0 = Debug|Any CPU
		{6B56AF7F-4618-425A-BD2C-50F2B23D7843}.Release|Any CPU.ActiveCfg = Release|Any CPU
		{6B56AF7F-4618-425A-BD2C-50F2B23D7843}.Release|Any CPU.Build.0 = Release|Any CPU
		{3C613233-A676-4A2A-916B-7B222CA4CD68}.Debug|Any CPU.ActiveCfg = Debug|Any CPU
		{3C613233-A676-4A2A-916B-7B222CA4CD68}.Debug|Any CPU.Build.0 = Debug|Any CPU
		{3C613233-A676-4A2A-916B-7B222CA4CD68}.Release|Any CPU.ActiveCfg = Release|Any CPU
		{3C613233-A676-4A2A-916B-7B222CA4CD68}.Release|Any CPU.Build.0 = Release|Any CPU
	EndGlobalSection
	GlobalSection(SolutionProperties) = preSolution
		HideSolutionNode = FALSE
	EndGlobalSection
	GlobalSection(NestedProjects) = preSolution
		{3352B1B4-A73C-47F9-977B-8316C10B37C1} = {4F47CEC2-F849-4DD3-AD3F-706E96461B3B}
		{E0EF83CC-C59D-4466-A4A7-E08250A92DC2} = {3352B1B4-A73C-47F9-977B-8316C10B37C1}
		{C60A3159-69F6-4AA4-A5B3-3773FD575369} = {3352B1B4-A73C-47F9-977B-8316C10B37C1}
		{133AF628-B61E-4846-BD4C-8964CB98F163} = {323384E0-854B-11EA-BE96-753F2D345ECD}
		{3ABE5B3B-E2C3-4240-80B8-9E53D31398AA} = {119880F0-854B-11EA-BE96-753F2D345ECD}
		{6B56AF7F-4618-425A-BD2C-50F2B23D7843} = {119880F0-854B-11EA-BE96-753F2D345ECD}
		{3C613233-A676-4A2A-916B-7B222CA4CD68} = {119880F0-854B-11EA-BE96-753F2D345ECD}
	EndGlobalSection
	GlobalSection(ExtensibilityGlobals) = postSolution
		SolutionGuid = {9FD4039F-C947-4DB7-B5CA-F29B63BDE384}
	EndGlobalSection
EndGlobal
